
Microsoft Visual Studio Solution File, Format Version 12.00
# Visual Studio Version 17
VisualStudioVersion = 17.9.34728.123
MinimumVisualStudioVersion = 10.0.40219.1
Project("{FAE04EC0-301F-11D3-BF4B-00C04F79EFBC}") = "PolimorfismoGrafico", "PolimorfismoGrafico.csproj", "{63FC91AC-E877-46ED-B4FB-CA51A80BBCF5}"
EndProject
Global
	GlobalSection(SolutionConfigurationPlatforms) = preSolution
		Debug|Any CPU = Debug|Any CPU
		Release|Any CPU = Release|Any CPU
	EndGlobalSection
	GlobalSection(ProjectConfigurationPlatforms) = postSolution
		{63FC91AC-E877-46ED-B4FB-CA51A80BBCF5}.Debug|Any CPU.ActiveCfg = Debug|Any CPU
		{63FC91AC-E877-46ED-B4FB-CA51A80BBCF5}.Debug|Any CPU.Build.0 = Debug|Any CPU
		{63FC91AC-E877-46ED-B4FB-CA51A80BBCF5}.Release|Any CPU.ActiveCfg = Release|Any CPU
		{63FC91AC-E877-46ED-B4FB-CA51A80BBCF5}.Release|Any CPU.Build.0 = Release|Any CPU
	EndGlobalSection
	GlobalSection(SolutionProperties) = preSolution
		HideSolutionNode = FALSE
	EndGlobalSection
	GlobalSection(ExtensibilityGlobals) = postSolution
		SolutionGuid = {D0EAB57F-14FB-4119-91E2-CE7DCCCD8264}
	EndGlobalSection
EndGlobal
